Microsoft Visual Studio Solution File, Format Version 12.00
# Visual Studio 2012
Project("{FAE04EC0-301F-11D3-BF4B-00C04F79EFBC}") = "TowerDefense", "TowerDefense.csproj", "{F1AF4684-0405-4533-8BC3-61A357DFDE0E}"
EndProject
Global
	GlobalSection(SolutionConfigurationPlatforms) = preSolution
	Debug|Any CPU = Debug|Any CPU
	ExportDebug|Any CPU = ExportDebug|Any CPU
	ExportRelease|Any CPU = ExportRelease|Any CPU
	EndGlobalSection
	GlobalSection(ProjectConfigurationPlatforms) = postSolution
		{F1AF4684-0405-4533-8BC3-61A357DFDE0E}.Debug|Any CPU.ActiveCfg = Debug|Any CPU
		{F1AF4684-0405-4533-8BC3-61A357DFDE0E}.Debug|Any CPU.Build.0 = Debug|Any CPU
		{F1AF4684-0405-4533-8BC3-61A357DFDE0E}.ExportDebug|Any CPU.ActiveCfg = ExportDebug|Any CPU
		{F1AF4684-0405-4533-8BC3-61A357DFDE0E}.ExportDebug|Any CPU.Build.0 = ExportDebug|Any CPU
		{F1AF4684-0405-4533-8BC3-61A357DFDE0E}.ExportRelease|Any CPU.ActiveCfg = ExportRelease|Any CPU
		{F1AF4684-0405-4533-8BC3-61A357DFDE0E}.ExportRelease|Any CPU.Build.0 = ExportRelease|Any CPU
	EndGlobalSection
EndGlobal
